
Microsoft Visual Studio Solution File, Format Version 12.00
# Visual Studio Version 16
VisualStudioVersion = 16.0.30011.22
MinimumVisualStudioVersion = 10.0.40219.1
Project("{FAE04EC0-301F-11D3-BF4B-00C04F79EFBC}") = "Ejercio", "Ejercio\Ejercio.csproj", "{0DC115ED-3B5F-4EF5-AE52-36072E902BDA}"
EndProject
Global
	GlobalSection(SolutionConfigurationPlatforms) = preSolution
		Debug|Any CPU = Debug|Any CPU
		Release|Any CPU = Release|Any CPU
	EndGlobalSection
	GlobalSection(ProjectConfigurationPlatforms) = postSolution
		{0DC115ED-3B5F-4EF5-AE52-36072E902BDA}.Debug|Any CPU.ActiveCfg = Debug|Any CPU
		{0DC115ED-3B5F-4EF5-AE52-36072E902BDA}.Debug|Any CPU.Build.0 = Debug|Any CPU
		{0DC115ED-3B5F-4EF5-AE52-36072E902BDA}.Release|Any CPU.ActiveCfg = Release|Any CPU
		{0DC115ED-3B5F-4EF5-AE52-36072E902BDA}.Release|Any CPU.Build.0 = Release|Any CPU
	EndGlobalSection
	GlobalSection(SolutionProperties) = preSolution
		HideSolutionNode = FALSE
	EndGlobalSection
	GlobalSection(ExtensibilityGlobals) = postSolution
		SolutionGuid = {1701368F-59A6-45B6-B086-D89D538EAA48}
	EndGlobalSection
EndGlobal
